
Microsoft Visual Studio Solution File, Format Version 12.00
# Visual Studio Version 16
VisualStudioVersion = 16.0.29709.97
MinimumVisualStudioVersion = 10.0.40219.1
Project("{FAE04EC0-301F-11D3-BF4B-00C04F79EFBC}") = "XamarinFormsSandbox.UWP", "XamarinFormsSandbox\XamarinFormsSandbox.UWP\XamarinFormsSandbox.UWP.csproj", "{079C6B78-2458-4562-A90A-74DE493A069B}"
EndProject
Project("{FAE04EC0-301F-11D3-BF4B-00C04F79EFBC}") = "XamarinFormsSandbox.Android", "XamarinFormsSandbox\XamarinFormsSandbox.Android\XamarinFormsSandbox.Android.csproj", "{9B496A61-29F1-4198-811B-5C4A92560A18}"
EndProject
Project("{FAE04EC0-301F-11D3-BF4B-00C04F79EFBC}") = "XamarinFormsSandbox", "XamarinFormsSandbox\XamarinFormsSandbox\XamarinFormsSandbox.csproj", "{7C87F6B3-E30B-4556-858C-B15C915B20FE}"
EndProject
Global
	GlobalSection(SolutionConfigurationPlatforms) = preSolution
		Debug|Any CPU = Debug|Any CPU
		Debug|ARM = Debug|ARM
		Debug|iPhone = Debug|iPhone
		Debug|iPhoneSimulator = Debug|iPhoneSimulator
		Debug|x64 = Debug|x64
		Debug|x86 = Debug|x86
		Release|Any CPU = Release|Any CPU
		Release|ARM = Release|ARM
		Release|iPhone = Release|iPhone
		Release|iPhoneSimulator = Release|iPhoneSimulator
		Release|x64 = Release|x64
		Release|x86 = Release|x86
	EndGlobalSection
	GlobalSection(ProjectConfigurationPlatforms) = postSolution
		{079C6B78-2458-4562-A90A-74DE493A069B}.Debug|Any CPU.ActiveCfg = Debug|x86
		{079C6B78-2458-4562-A90A-74DE493A069B}.Debug|Any CPU.Build.0 = Debug|x86
		{079C6B78-2458-4562-A90A-74DE493A069B}.Debug|Any CPU.Deploy.0 = Debug|x86
		{079C6B78-2458-4562-A90A-74DE493A069B}.Debug|ARM.ActiveCfg = Debug|ARM
		{079C6B78-2458-4562-A90A-74DE493A069B}.Debug|ARM.Build.0 = Debug|ARM
		{079C6B78-2458-4562-A90A-74DE493A069B}.Debug|ARM.Deploy.0 = Debug|ARM
		{079C6B78-2458-4562-A90A-74DE493A069B}.Debug|iPhone.ActiveCfg = Debug|x86
		{079C6B78-2458-4562-A90A-74DE493A069B}.Debug|iPhone.Build.0 = Debug|x86
		{079C6B78-2458-4562-A90A-74DE493A069B}.Debug|iPhone.Deploy.0 = Debug|x86
		{079C6B78-2458-4562-A90A-74DE493A069B}.Debug|iPhoneSimulator.ActiveCfg = Debug|x86
		{079C6B78-2458-4562-A90A-74DE493A069B}.Debug|iPhoneSimulator.Build.0 = Debug|x86
		{079C6B78-2458-4562-A90A-74DE493A069B}.Debug|iPhoneSimulator.Deploy.0 = Debug|x86
		{079C6B78-2458-4562-A90A-74DE493A069B}.Debug|x64.ActiveCfg = Debug|x64
		{079C6B78-2458-4562-A90A-74DE493A069B}.Debug|x64.Build.0 = Debug|x64
		{079C6B78-2458-4562-A90A-74DE493A069B}.Debug|x64.Deploy.0 = Debug|x64
		{079C6B78-2458-4562-A90A-74DE493A069B}.Debug|x86.ActiveCfg = Debug|x86
		{079C6B78-2458-4562-A90A-74DE493A069B}.Debug|x86.Build.0 = Debug|x86
		{079C6B78-2458-4562-A90A-74DE493A069B}.Debug|x86.Deploy.0 = Debug|x86
		{079C6B78-2458-4562-A90A-74DE493A069B}.Release|Any CPU.ActiveCfg = Release|x86
		{079C6B78-2458-4562-A90A-74DE493A069B}.Release|Any CPU.Build.0 = Release|x86
		{079C6B78-2458-4562-A90A-74DE493A069B}.Release|Any CPU.Deploy.0 = Release|x86
		{079C6B78-2458-4562-A90A-74DE493A069B}.Release|ARM.ActiveCfg = Release|ARM
		{079C6B78-2458-4562-A90A-74DE493A069B}.Release|ARM.Build.0 = Release|ARM
		{079C6B78-2458-4562-A90A-74DE493A069B}.Release|ARM.Deploy.0 = Release|ARM
		{079C6B78-2458-4562-A90A-74DE493A069B}.Release|iPhone.ActiveCfg = Release|x86
		{079C6B78-2458-4562-A90A-74DE493A069B}.Release|iPhone.Build.0 = Release|x86
		{079C6B78-2458-4562-A90A-74DE493A069B}.Release|iPhone.Deploy.0 = Release|x86
		{079C6B78-2458-4562-A90A-74DE493A069B}.Release|iPhoneSimulator.ActiveCfg = Release|x86
		{079C6B78-2458-4562-A90A-74DE493A069B}.Release|iPhoneSimulator.Build.0 = Release|x86
		{079C6B78-2458-4562-A90A-74DE493A069B}.Release|iPhoneSimulator.Deploy.0 = Release|x86
		{079C6B78-2458-4562-A90A-74DE493A069B}.Release|x64.ActiveCfg = Release|x64
		{079C6B78-2458-4562-A90A-74DE493A069B}.Release|x64.Build.0 = Release|x64
		{079C6B78-2458-4562-A90A-74DE493A069B}.Release|x64.Deploy.0 = Release|x64
		{079C6B78-2458-4562-A90A-74DE493A069B}.Release|x86.ActiveCfg = Release|x86
		{079C6B78-2458-4562-A90A-74DE493A069B}.Release|x86.Build.0 = Release|x86
		{079C6B78-2458-4562-A90A-74DE493A069B}.Release|x86.Deploy.0 = Release|x86
		{9B496A61-29F1-4198-811B-5C4A92560A18}.Debug|Any CPU.ActiveCfg = Debug|Any CPU
		{9B496A61-29F1-4198-811B-5C4A92560A18}.Debug|Any CPU.Build.0 = Debug|Any CPU
		{9B496A61-29F1-4198-811B-5C4A92560A18}.Debug|Any CPU.Deploy.0 = Debug|Any CPU
		{9B496A61-29F1-4198-811B-5C4A92560A18}.Debug|ARM.ActiveCfg = Debug|Any CPU
		{9B496A61-29F1-4198-811B-5C4A92560A18}.Debug|ARM.Build.0 = Debug|Any CPU
		{9B496A61-29F1-4198-811B-5C4A92560A18}.Debug|ARM.Deploy.0 = Debug|Any CPU
		{9B496A61-29F1-4198-811B-5C4A92560A18}.Debug|iPhone.ActiveCfg = Debug|Any CPU
		{9B496A61-29F1-4198-811B-5C4A92560A18}.Debug|iPhone.Build.0 = Debug|Any CPU
		{9B496A61-29F1-4198-811B-5C4A92560A18}.Debug|iPhone.Deploy.0 = Debug|Any CPU
		{9B496A61-29F1-4198-811B-5C4A92560A18}.Debug|iPhoneSimulator.ActiveCfg = Debug|Any CPU
		{9B496A61-29F1-4198-811B-5C4A92560A18}.Debug|iPhoneSimulator.Build.0 = Debug|Any CPU
		{9B496A61-29F1-4198-811B-5C4A92560A18}.Debug|iPhoneSimulator.Deploy.0 = Debug|Any CPU
		{9B496A61-29F1-4198-811B-5C4A92560A18}.Debug|x64.ActiveCfg = Debug|Any CPU
		{9B496A61-29F1-4198-811B-5C4A92560A18}.Debug|x64.Build.0 = Debug|Any CPU
		{9B496A61-29F1-4198-811B-5C4A92560A18}.Debug|x64.Deploy.0 = Debug|Any CPU
		{9B496A61-29F1-4198-811B-5C4A92560A18}.Debug|x86.ActiveCfg = Debug|Any CPU
		{9B496A61-29F1-4198-811B-5C4A92560A18}.Debug|x86.Build.0 = Debug|Any CPU
		{9B496A61-29F1-4198-811B-5C4A92560A18}.Debug|x86.Deploy.0 = Debug|Any CPU
		{9B496A61-29F1-4198-811B-5C4A92560A18}.Release|Any CPU.ActiveCfg = Release|Any CPU
		{9B496A61-29F1-4198-811B-5C4A92560A18}.Release|Any CPU.Build.0 = Release|Any CPU
		{9B496A61-29F1-4198-811B-5C4A92560A18}.Release|Any CPU.Deploy.0 = Release|Any CPU
		{9B496A61-29F1-4198-811B-5C4A92560A18}.Release|ARM.ActiveCfg = Release|Any CPU
		{9B496A61-29F1-4198-811B-5C4A92560A18}.Release|ARM.Build.0 = Release|Any CPU
		{9B496A61-29F1-4198-811B-5C4A92560A18}.Release|ARM.Deploy.0 = Release|Any CPU
		{9B496A61-29F1-4198-811B-5C4A92560A18}.Release|iPhone.ActiveCfg = Release|Any CPU
		{9B496A61-29F1-4198-811B-5C4A92560A18}.Release|iPhone.Build.0 = Release|Any CPU
		{9B496A61-29F1-4198-811B-5C4A92560A18}.Release|iPhone.Deploy.0 = Release|Any CPU
		{9B496A61-29F1-4198-811B-5C4A92560A18}.Release|iPhoneSimulator.ActiveCfg = Release|Any CPU
		{9B496A61-29F1-4198-811B-5C4A92560A18}.Release|iPhoneSimulator.Build.0 = Release|Any CPU
		{9B496A61-29F1-4198-811B-5C4A92560A18}.Release|iPhoneSimulator.Deploy.0 = Release|Any CPU
		{9B496A61-29F1-4198-811B-5C4A92560A18}.Release|x64.ActiveCfg = Release|Any CPU
		{9B496A61-29F1-4198-811B-5C4A92560A18}.Release|x64.Build.0 = Release|Any CPU
		{9B496A61-29F1-4198-811B-5C4A92560A18}.Release|x64.Deploy.0 = Release|Any CPU
		{9B496A61-29F1-4198-811B-5C4A92560A18}.Release|x86.ActiveCfg = Release|Any CPU
		{9B496A61-29F1-4198-811B-5C4A92560A18}.Release|x86.Build.0 = Release|Any CPU
		{9B496A61-29F1-4198-811B-5C4A92560A18}.Release|x86.Deploy.0 = Release|Any CPU
		{7C87F6B3-E30B-4556-858C-B15C915B20FE}.Debug|Any CPU.ActiveCfg = Debug|Any CPU
		{7C87F6B3-E30B-4556-858C-B15C915B20FE}.Debug|Any CPU.Build.0 = Debug|Any CPU
		{7C87F6B3-E30B-4556-858C-B15C915B20FE}.Debug|Any CPU.Deploy.0 = Debug|Any CPU
		{7C87F6B3-E30B-4556-858C-B15C915B20FE}.Debug|ARM.ActiveCfg = Debug|Any CPU
		{7C87F6B3-E30B-4556-858C-B15C915B20FE}.Debug|ARM.Build.0 = Debug|Any CPU
		{7C87F6B3-E30B-4556-858C-B15C915B20FE}.Debug|ARM.Deploy.0 = Debug|Any CPU
		{7C87F6B3-E30B-4556-858C-B15C915B20FE}.Debug|iPhone.ActiveCfg = Debug|Any CPU
		{7C87F6B3-E30B-4556-858C-B15C915B20FE}.Debug|iPhone.Build.0 = Debug|Any CPU
		{7C87F6B3-E30B-4556-858C-B15C915B20FE}.Debug|iPhone.Deploy.0 = Debug|Any CPU
		{7C87F6B3-E30B-4556-858C-B15C915B20FE}.Debug|iPhoneSimulator.ActiveCfg = Debug|Any CPU
		{7C87F6B3-E30B-4556-858C-B15C915B20FE}.Debug|iPhoneSimulator.Build.0 = Debug|Any CPU
		{7C87F6B3-E30B-4556-858C-B15C915B20FE}.Debug|iPhoneSimulator.Deploy.0 = Debug|Any CPU
		{7C87F6B3-E30B-4556-858C-B15C915B20FE}.Debug|x64.ActiveCfg = Debug|Any CPU
		{7C87F6B3-E30B-4556-858C-B15C915B20FE}.Debug|x64.Build.0 = Debug|Any CPU
		{7C87F6B3-E30B-4556-858C-B15C915B20FE}.Debug|x64.Deploy.0 = Debug|Any CPU
		{7C87F6B3-E30B-4556-858C-B15C915B20FE}.Debug|x86.ActiveCfg = Debug|Any CPU
		{7C87F6B3-E30B-4556-858C-B15C915B20FE}.Debug|x86.Build.0 = Debug|Any CPU
		{7C87F6B3-E30B-4556-858C-B15C915B20FE}.Debug|x86.Deploy.0 = Debug|Any CPU
		{7C87F6B3-E30B-4556-858C-B15C915B20FE}.Release|Any CPU.ActiveCfg = Release|Any CPU
		{7C87F6B3-E30B-4556-858C-B15C915B20FE}.Release|Any CPU.Build.0 = Release|Any CPU
		{7C87F6B3-E30B-4556-858C-B15C915B20FE}.Release|Any CPU.Deploy.0 = Release|Any CPU
		{7C87F6B3-E30B-4556-858C-B15C915B20FE}.Release|ARM.ActiveCfg = Release|Any CPU
		{7C87F6B3-E30B-4556-858C-B15C915B20FE}.Release|ARM.Build.0 = Release|Any CPU
		{7C87F6B3-E30B-4556-858C-B15C915B20FE}.Release|ARM.Deploy.0 = Release|Any CPU
		{7C87F6B3-E30B-4556-858C-B15C915B20FE}.Release|iPhone.ActiveCfg = Release|Any CPU
		{7C87F6B3-E30B-4556-858C-B15C915B20FE}.Release|iPhone.Build.0 = Release|Any CPU
		{7C87F6B3-E30B-4556-858C-B15C915B20FE}.Release|iPhone.Deploy.0 = Release|Any CPU
		{7C87F6B3-E30B-4556-858C-B15C915B20FE}.Release|iPhoneSimulator.ActiveCfg = Release|Any CPU
		{7C87F6B3-E30B-4556-858C-B15C915B20FE}.Release|iPhoneSimulator.Build.0 = Release|Any CPU
		{7C87F6B3-E30B-4556-858C-B15C915B20FE}.Release|iPhoneSimulator.Deploy.0 = Release|Any CPU
		{7C87F6B3-E30B-4556-858C-B15C915B20FE}.Release|x64.ActiveCfg = Release|Any CPU
		{7C87F6B3-E30B-4556-858C-B15C915B20FE}.Release|x64.Build.0 = Release|Any CPU
		{7C87F6B3-E30B-4556-858C-B15C915B20FE}.Release|x64.Deploy.0 = Release|Any CPU
		{7C87F6B3-E30B-4556-858C-B15C915B20FE}.Release|x86.ActiveCfg = Release|Any CPU
		{7C87F6B3-E30B-4556-858C-B15C915B20FE}.Release|x86.Build.0 = Release|Any CPU
		{7C87F6B3-E30B-4556-858C-B15C915B20FE}.Release|x86.Deploy.0 = Release|Any CPU
	EndGlobalSection
	GlobalSection(SolutionProperties) = preSolution
		HideSolutionNode = FALSE
	EndGlobalSection
	GlobalSection(ExtensibilityGlobals) = postSolution
		SolutionGuid = {9B12EF5F-0B96-40F1-8827-5EA256282956}
	EndGlobalSection
EndGlobal
